
Microsoft Visual Studio Solution File, Format Version 12.00
# Visual Studio Version 17
VisualStudioVersion = 17.5.33516.290
MinimumVisualStudioVersion = 10.0.40219.1
Project("{FAE04EC0-301F-11D3-BF4B-00C04F79EFBC}") = "MasterDetailsBasics", "MasterDetailsBasics.csproj", "{1731881E-3835-4517-9849-176EB41115BD}"
EndProject
Global
	GlobalSection(SolutionConfigurationPlatforms) = preSolution
		Debug|Any CPU = Debug|Any CPU
		Release|Any CPU = Release|Any CPU
	EndGlobalSection
	GlobalSection(ProjectConfigurationPlatforms) = postSolution
		{1731881E-3835-4517-9849-176EB41115BD}.Debug|Any CPU.ActiveCfg = Debug|Any CPU
		{1731881E-3835-4517-9849-176EB41115BD}.Debug|Any CPU.Build.0 = Debug|Any CPU
		{1731881E-3835-4517-9849-176EB41115BD}.Release|Any CPU.ActiveCfg = Release|Any CPU
		{1731881E-3835-4517-9849-176EB41115BD}.Release|Any CPU.Build.0 = Release|Any CPU
	EndGlobalSection
	GlobalSection(SolutionProperties) = preSolution
		HideSolutionNode = FALSE
	EndGlobalSection
	GlobalSection(ExtensibilityGlobals) = postSolution
		SolutionGuid = {DE2AB40D-7D25-4BA3-873A-ECA53DE377B8}
	EndGlobalSection
EndGlobal
